
Microsoft Visual Studio Solution File, Format Version 12.00
# Visual Studio Version 17
VisualStudioVersion = 17.11.35219.272
MinimumVisualStudioVersion = 10.0.40219.1
Project("{9A19103F-16F7-4668-BE54-9A1E7A4F7556}") = "Apexa.Api", "Apexa\Apexa.Api.csproj", "{01725B4C-381F-4434-BCC8-DD765930834D}"
EndProject
Project("{9A19103F-16F7-4668-BE54-9A1E7A4F7556}") = "Apexa.Data", "Apexa.Data\Apexa.Data.csproj", "{5DEF713D-BC08-436C-A679-2EF584B29E56}"
EndProject
Project("{9A19103F-16F7-4668-BE54-9A1E7A4F7556}") = "Apexa.Models", "Apexa.Models\Apexa.Models.csproj", "{FAC1138A-D5CB-4706-8DBE-A8879208467E}"
EndProject
Global
	GlobalSection(SolutionConfigurationPlatforms) = preSolution
		Debug|Any CPU = Debug|Any CPU
		Release|Any CPU = Release|Any CPU
	EndGlobalSection
	GlobalSection(ProjectConfigurationPlatforms) = postSolution
		{01725B4C-381F-4434-BCC8-DD765930834D}.Debug|Any CPU.ActiveCfg = Debug|Any CPU
		{01725B4C-381F-4434-BCC8-DD765930834D}.Debug|Any CPU.Build.0 = Debug|Any CPU
		{01725B4C-381F-4434-BCC8-DD765930834D}.Release|Any CPU.ActiveCfg = Release|Any CPU
		{01725B4C-381F-4434-BCC8-DD765930834D}.Release|Any CPU.Build.0 = Release|Any CPU
		{5DEF713D-BC08-436C-A679-2EF584B29E56}.Debug|Any CPU.ActiveCfg = Debug|Any CPU
		{5DEF713D-BC08-436C-A679-2EF584B29E56}.Debug|Any CPU.Build.0 = Debug|Any CPU
		{5DEF713D-BC08-436C-A679-2EF584B29E56}.Release|Any CPU.ActiveCfg = Release|Any CPU
		{5DEF713D-BC08-436C-A679-2EF584B29E56}.Release|Any CPU.Build.0 = Release|Any CPU
		{FAC1138A-D5CB-4706-8DBE-A8879208467E}.Debug|Any CPU.ActiveCfg = Debug|Any CPU
		{FAC1138A-D5CB-4706-8DBE-A8879208467E}.Debug|Any CPU.Build.0 = Debug|Any CPU
		{FAC1138A-D5CB-4706-8DBE-A8879208467E}.Release|Any CPU.ActiveCfg = Release|Any CPU
		{FAC1138A-D5CB-4706-8DBE-A8879208467E}.Release|Any CPU.Build.0 = Release|Any CPU
	EndGlobalSection
	GlobalSection(SolutionProperties) = preSolution
		HideSolutionNode = FALSE
	EndGlobalSection
	GlobalSection(ExtensibilityGlobals) = postSolution
		SolutionGuid = {1091BA0A-B0E7-478D-868E-602A129303D2}
	EndGlobalSection
EndGlobal
